
Microsoft Visual Studio Solution File, Format Version 12.00
# Visual Studio 15
VisualStudioVersion = 15.0.28307.489
MinimumVisualStudioVersion = 10.0.40219.1
Project("{FAE04EC0-301F-11D3-BF4B-00C04F79EFBC}") = "Zadanie1", "Zadanie1\Zadanie1.csproj", "{DA1F7A03-2C73-45E7-AFE4-CEB005B81C41}"
EndProject
Global
	GlobalSection(SolutionConfigurationPlatforms) = preSolution
		Debug|Any CPU = Debug|Any CPU
		Release|Any CPU = Release|Any CPU
	EndGlobalSection
	GlobalSection(ProjectConfigurationPlatforms) = postSolution
		{DA1F7A03-2C73-45E7-AFE4-CEB005B81C41}.Debug|Any CPU.ActiveCfg = Debug|Any CPU
		{DA1F7A03-2C73-45E7-AFE4-CEB005B81C41}.Debug|Any CPU.Build.0 = Debug|Any CPU
		{DA1F7A03-2C73-45E7-AFE4-CEB005B81C41}.Release|Any CPU.ActiveCfg = Release|Any CPU
		{DA1F7A03-2C73-45E7-AFE4-CEB005B81C41}.Release|Any CPU.Build.0 = Release|Any CPU
	EndGlobalSection
	GlobalSection(SolutionProperties) = preSolution
		HideSolutionNode = FALSE
	EndGlobalSection
	GlobalSection(ExtensibilityGlobals) = postSolution
		SolutionGuid = {DF41CCAD-D1F5-487A-A53D-5A02A793D7C0}
	EndGlobalSection
EndGlobal
